
Microsoft Visual Studio Solution File, Format Version 12.00
# Visual Studio 14
VisualStudioVersion = 14.0.25420.1
MinimumVisualStudioVersion = 10.0.40219.1
Project("{8BC9CEB8-8B4A-11D0-8D11-00A0C91BC942}") = "ffmpeg-nuget", "ffmpeg-nuget.vcxproj", "{5DD9F89C-AF26-410E-A58F-1631999818BF}"
	ProjectSection(ProjectDependencies) = postProject
		{8FA95A04-B9F1-4CF8-9B76-2D454A7FA4B9} = {8FA95A04-B9F1-4CF8-9B76-2D454A7FA4B9}
		{1DAF9B3B-8AA2-41B9-9B4E-28A372AE0D7F} = {1DAF9B3B-8AA2-41B9-9B4E-28A372AE0D7F}
		{9DFAB73B-D545-4E62-B589-3C7493E6FC16} = {9DFAB73B-D545-4E62-B589-3C7493E6FC16}
		{20D98049-9014-4281-B126-3B6FE267054E} = {20D98049-9014-4281-B126-3B6FE267054E}
		{6A499869-816F-499C-B8AF-4D2439AADA36} = {6A499869-816F-499C-B8AF-4D2439AADA36}
		{10FC0A71-99DA-45EA-87A3-9B0B298F7BE3} = {10FC0A71-99DA-45EA-87A3-9B0B298F7BE3}
		{015CD873-FB75-4672-980F-61544BCE2D7B} = {015CD873-FB75-4672-980F-61544BCE2D7B}
		{B6FFD78B-497A-4D62-BDE3-29EAB0E557F8} = {B6FFD78B-497A-4D62-BDE3-29EAB0E557F8}
		{B29EF19A-9930-4F4F-BDFA-36D67B72BAFA} = {B29EF19A-9930-4F4F-BDFA-36D67B72BAFA}
		{717A55A1-7013-46D5-92DA-7E528E51BF20} = {717A55A1-7013-46D5-92DA-7E528E51BF20}
		{2E0A4AB5-0DC4-400F-8F87-BDA3987B2E90} = {2E0A4AB5-0DC4-400F-8F87-BDA3987B2E90}
		{983DEFD1-4B1E-41A5-8587-9859D1049400} = {983DEFD1-4B1E-41A5-8587-9859D1049400}
		{2A465EE5-8CD0-4D9E-8C5D-DEC952E80996} = {2A465EE5-8CD0-4D9E-8C5D-DEC952E80996}
		{11D625F0-82C4-4E74-ABD7-D611ADB995FA} = {11D625F0-82C4-4E74-ABD7-D611ADB995FA}
		{06A25EF3-EBD3-43AE-BCED-77A98C3785F3} = {06A25EF3-EBD3-43AE-BCED-77A98C3785F3}
		{16B391F6-5E63-4BDC-B896-F552270318B8} = {16B391F6-5E63-4BDC-B896-F552270318B8}
	EndProjectSection
EndProject
Project("{8BC9CEB8-8B4A-11D0-8D11-00A0C91BC942}") = "avio_dir_cmd", "avio_dir_cmd\avio_dir_cmd.vcxproj", "{9DFAB73B-D545-4E62-B589-3C7493E6FC16}"
EndProject
Project("{8BC9CEB8-8B4A-11D0-8D11-00A0C91BC942}") = "avio_reading", "avio_reading\avio_reading.vcxproj", "{10FC0A71-99DA-45EA-87A3-9B0B298F7BE3}"
EndProject
Project("{8BC9CEB8-8B4A-11D0-8D11-00A0C91BC942}") = "decoding_encoding", "decoding_encoding\decoding_encoding.vcxproj", "{2E0A4AB5-0DC4-400F-8F87-BDA3987B2E90}"
EndProject
Project("{8BC9CEB8-8B4A-11D0-8D11-00A0C91BC942}") = "demuxing_decoding", "demuxing_decoding\demuxing_decoding.vcxproj", "{8FA95A04-B9F1-4CF8-9B76-2D454A7FA4B9}"
EndProject
Project("{8BC9CEB8-8B4A-11D0-8D11-00A0C91BC942}") = "extract_mvs", "extract_mvs\extract_mvs.vcxproj", "{717A55A1-7013-46D5-92DA-7E528E51BF20}"
EndProject
Project("{8BC9CEB8-8B4A-11D0-8D11-00A0C91BC942}") = "filter_audio", "filter_audio\filter_audio.vcxproj", "{1DAF9B3B-8AA2-41B9-9B4E-28A372AE0D7F}"
EndProject
Project("{8BC9CEB8-8B4A-11D0-8D11-00A0C91BC942}") = "filtering_audio", "filtering_audio\filtering_audio.vcxproj", "{11D625F0-82C4-4E74-ABD7-D611ADB995FA}"
EndProject
Project("{8BC9CEB8-8B4A-11D0-8D11-00A0C91BC942}") = "filtering_video", "filtering_video\filtering_video.vcxproj", "{B6FFD78B-497A-4D62-BDE3-29EAB0E557F8}"
EndProject
Project("{8BC9CEB8-8B4A-11D0-8D11-00A0C91BC942}") = "http_multiclient", "http_multiclient\http_multiclient.vcxproj", "{6A499869-816F-499C-B8AF-4D2439AADA36}"
EndProject
Project("{8BC9CEB8-8B4A-11D0-8D11-00A0C91BC942}") = "metadata", "metadata\metadata.vcxproj", "{16B391F6-5E63-4BDC-B896-F552270318B8}"
EndProject
Project("{8BC9CEB8-8B4A-11D0-8D11-00A0C91BC942}") = "muxing", "muxing\muxing.vcxproj", "{015CD873-FB75-4672-980F-61544BCE2D7B}"
EndProject
Project("{8BC9CEB8-8B4A-11D0-8D11-00A0C91BC942}") = "resampling_audio", "resampling_audio\resampling_audio.vcxproj", "{06A25EF3-EBD3-43AE-BCED-77A98C3785F3}"
EndProject
Project("{8BC9CEB8-8B4A-11D0-8D11-00A0C91BC942}") = "scaling_video", "scaling_video\scaling_video.vcxproj", "{2A465EE5-8CD0-4D9E-8C5D-DEC952E80996}"
EndProject
Project("{8BC9CEB8-8B4A-11D0-8D11-00A0C91BC942}") = "transcode_aac", "transcode_aac\transcode_aac.vcxproj", "{983DEFD1-4B1E-41A5-8587-9859D1049400}"
EndProject
Project("{8BC9CEB8-8B4A-11D0-8D11-00A0C91BC942}") = "transcoding", "transcoding\transcoding.vcxproj", "{20D98049-9014-4281-B126-3B6FE267054E}"
EndProject
Project("{8BC9CEB8-8B4A-11D0-8D11-00A0C91BC942}") = "remuxing", "remuxing\remuxing.vcxproj", "{B29EF19A-9930-4F4F-BDFA-36D67B72BAFA}"
EndProject
Global
	GlobalSection(SolutionConfigurationPlatforms) = preSolution
		Debug|x64 = Debug|x64
		Debug|x86 = Debug|x86
		Release|x64 = Release|x64
		Release|x86 = Release|x86
	EndGlobalSection
	GlobalSection(ProjectConfigurationPlatforms) = postSolution
		{5DD9F89C-AF26-410E-A58F-1631999818BF}.Debug|x64.ActiveCfg = Debug|x64
		{5DD9F89C-AF26-410E-A58F-1631999818BF}.Debug|x64.Build.0 = Debug|x64
		{5DD9F89C-AF26-410E-A58F-1631999818BF}.Debug|x86.ActiveCfg = Debug|Win32
		{5DD9F89C-AF26-410E-A58F-1631999818BF}.Debug|x86.Build.0 = Debug|Win32
		{5DD9F89C-AF26-410E-A58F-1631999818BF}.Release|x64.ActiveCfg = Release|x64
		{5DD9F89C-AF26-410E-A58F-1631999818BF}.Release|x64.Build.0 = Release|x64
		{5DD9F89C-AF26-410E-A58F-1631999818BF}.Release|x86.ActiveCfg = Release|Win32
		{5DD9F89C-AF26-410E-A58F-1631999818BF}.Release|x86.Build.0 = Release|Win32
		{9DFAB73B-D545-4E62-B589-3C7493E6FC16}.Debug|x64.ActiveCfg = Debug|x64
		{9DFAB73B-D545-4E62-B589-3C7493E6FC16}.Debug|x64.Build.0 = Debug|x64
		{9DFAB73B-D545-4E62-B589-3C7493E6FC16}.Debug|x86.ActiveCfg = Debug|Win32
		{9DFAB73B-D545-4E62-B589-3C7493E6FC16}.Debug|x86.Build.0 = Debug|Win32
		{9DFAB73B-D545-4E62-B589-3C7493E6FC16}.Release|x64.ActiveCfg = Release|x64
		{9DFAB73B-D545-4E62-B589-3C7493E6FC16}.Release|x64.Build.0 = Release|x64
		{9DFAB73B-D545-4E62-B589-3C7493E6FC16}.Release|x86.ActiveCfg = Release|Win32
		{9DFAB73B-D545-4E62-B589-3C7493E6FC16}.Release|x86.Build.0 = Release|Win32
		{10FC0A71-99DA-45EA-87A3-9B0B298F7BE3}.Debug|x64.ActiveCfg = Debug|x64
		{10FC0A71-99DA-45EA-87A3-9B0B298F7BE3}.Debug|x64.Build.0 = Debug|x64
		{10FC0A71-99DA-45EA-87A3-9B0B298F7BE3}.Debug|x86.ActiveCfg = Debug|Win32
		{10FC0A71-99DA-45EA-87A3-9B0B298F7BE3}.Debug|x86.Build.0 = Debug|Win32
		{10FC0A71-99DA-45EA-87A3-9B0B298F7BE3}.Release|x64.ActiveCfg = Release|x64
		{10FC0A71-99DA-45EA-87A3-9B0B298F7BE3}.Release|x64.Build.0 = Release|x64
		{10FC0A71-99DA-45EA-87A3-9B0B298F7BE3}.Release|x86.ActiveCfg = Release|Win32
		{10FC0A71-99DA-45EA-87A3-9B0B298F7BE3}.Release|x86.Build.0 = Release|Win32
		{2E0A4AB5-0DC4-400F-8F87-BDA3987B2E90}.Debug|x64.ActiveCfg = Debug|x64
		{2E0A4AB5-0DC4-400F-8F87-BDA3987B2E90}.Debug|x64.Build.0 = Debug|x64
		{2E0A4AB5-0DC4-400F-8F87-BDA3987B2E90}.Debug|x86.ActiveCfg = Debug|Win32
		{2E0A4AB5-0DC4-400F-8F87-BDA3987B2E90}.Debug|x86.Build.0 = Debug|Win32
		{2E0A4AB5-0DC4-400F-8F87-BDA3987B2E90}.Release|x64.ActiveCfg = Release|x64
		{2E0A4AB5-0DC4-400F-8F87-BDA3987B2E90}.Release|x64.Build.0 = Release|x64
		{2E0A4AB5-0DC4-400F-8F87-BDA3987B2E90}.Release|x86.ActiveCfg = Release|Win32
		{2E0A4AB5-0DC4-400F-8F87-BDA3987B2E90}.Release|x86.Build.0 = Release|Win32
		{8FA95A04-B9F1-4CF8-9B76-2D454A7FA4B9}.Debug|x64.ActiveCfg = Debug|x64
		{8FA95A04-B9F1-4CF8-9B76-2D454A7FA4B9}.Debug|x64.Build.0 = Debug|x64
		{8FA95A04-B9F1-4CF8-9B76-2D454A7FA4B9}.Debug|x86.ActiveCfg = Debug|Win32
		{8FA95A04-B9F1-4CF8-9B76-2D454A7FA4B9}.Debug|x86.Build.0 = Debug|Win32
		{8FA95A04-B9F1-4CF8-9B76-2D454A7FA4B9}.Release|x64.ActiveCfg = Release|x64
		{8FA95A04-B9F1-4CF8-9B76-2D454A7FA4B9}.Release|x64.Build.0 = Release|x64
		{8FA95A04-B9F1-4CF8-9B76-2D454A7FA4B9}.Release|x86.ActiveCfg = Release|Win32
		{8FA95A04-B9F1-4CF8-9B76-2D454A7FA4B9}.Release|x86.Build.0 = Release|Win32
		{717A55A1-7013-46D5-92DA-7E528E51BF20}.Debug|x64.ActiveCfg = Debug|x64
		{717A55A1-7013-46D5-92DA-7E528E51BF20}.Debug|x64.Build.0 = Debug|x64
		{717A55A1-7013-46D5-92DA-7E528E51BF20}.Debug|x86.ActiveCfg = Debug|Win32
		{717A55A1-7013-46D5-92DA-7E528E51BF20}.Debug|x86.Build.0 = Debug|Win32
		{717A55A1-7013-46D5-92DA-7E528E51BF20}.Release|x64.ActiveCfg = Release|x64
		{717A55A1-7013-46D5-92DA-7E528E51BF20}.Release|x64.Build.0 = Release|x64
		{717A55A1-7013-46D5-92DA-7E528E51BF20}.Release|x86.ActiveCfg = Release|Win32
		{717A55A1-7013-46D5-92DA-7E528E51BF20}.Release|x86.Build.0 = Release|Win32
		{1DAF9B3B-8AA2-41B9-9B4E-28A372AE0D7F}.Debug|x64.ActiveCfg = Debug|x64
		{1DAF9B3B-8AA2-41B9-9B4E-28A372AE0D7F}.Debug|x64.Build.0 = Debug|x64
		{1DAF9B3B-8AA2-41B9-9B4E-28A372AE0D7F}.Debug|x86.ActiveCfg = Debug|Win32
		{1DAF9B3B-8AA2-41B9-9B4E-28A372AE0D7F}.Debug|x86.Build.0 = Debug|Win32
		{1DAF9B3B-8AA2-41B9-9B4E-28A372AE0D7F}.Release|x64.ActiveCfg = Release|x64
		{1DAF9B3B-8AA2-41B9-9B4E-28A372AE0D7F}.Release|x64.Build.0 = Release|x64
		{1DAF9B3B-8AA2-41B9-9B4E-28A372AE0D7F}.Release|x86.ActiveCfg = Release|Win32
		{1DAF9B3B-8AA2-41B9-9B4E-28A372AE0D7F}.Release|x86.Build.0 = Release|Win32
		{11D625F0-82C4-4E74-ABD7-D611ADB995FA}.Debug|x64.ActiveCfg = Debug|x64
		{11D625F0-82C4-4E74-ABD7-D611ADB995FA}.Debug|x64.Build.0 = Debug|x64
		{11D625F0-82C4-4E74-ABD7-D611ADB995FA}.Debug|x86.ActiveCfg = Debug|Win32
		{11D625F0-82C4-4E74-ABD7-D611ADB995FA}.Debug|x86.Build.0 = Debug|Win32
		{11D625F0-82C4-4E74-ABD7-D611ADB995FA}.Release|x64.ActiveCfg = Release|x64
		{11D625F0-82C4-4E74-ABD7-D611ADB995FA}.Release|x64.Build.0 = Release|x64
		{11D625F0-82C4-4E74-ABD7-D611ADB995FA}.Release|x86.ActiveCfg = Release|Win32
		{11D625F0-82C4-4E74-ABD7-D611ADB995FA}.Release|x86.Build.0 = Release|Win32
		{B6FFD78B-497A-4D62-BDE3-29EAB0E557F8}.Debug|x64.ActiveCfg = Debug|x64
		{B6FFD78B-497A-4D62-BDE3-29EAB0E557F8}.Debug|x64.Build.0 = Debug|x64
		{B6FFD78B-497A-4D62-BDE3-29EAB0E557F8}.Debug|x86.ActiveCfg = Debug|Win32
		{B6FFD78B-497A-4D62-BDE3-29EAB0E557F8}.Debug|x86.Build.0 = Debug|Win32
		{B6FFD78B-497A-4D62-BDE3-29EAB0E557F8}.Release|x64.ActiveCfg = Release|x64
		{B6FFD78B-497A-4D62-BDE3-29EAB0E557F8}.Release|x64.Build.0 = Release|x64
		{B6FFD78B-497A-4D62-BDE3-29EAB0E557F8}.Release|x86.ActiveCfg = Release|Win32
		{B6FFD78B-497A-4D62-BDE3-29EAB0E557F8}.Release|x86.Build.0 = Release|Win32
		{6A499869-816F-499C-B8AF-4D2439AADA36}.Debug|x64.ActiveCfg = Debug|x64
		{6A499869-816F-499C-B8AF-4D2439AADA36}.Debug|x64.Build.0 = Debug|x64
		{6A499869-816F-499C-B8AF-4D2439AADA36}.Debug|x86.ActiveCfg = Debug|Win32
		{6A499869-816F-499C-B8AF-4D2439AADA36}.Debug|x86.Build.0 = Debug|Win32
		{6A499869-816F-499C-B8AF-4D2439AADA36}.Release|x64.ActiveCfg = Release|x64
		{6A499869-816F-499C-B8AF-4D2439AADA36}.Release|x64.Build.0 = Release|x64
		{6A499869-816F-499C-B8AF-4D2439AADA36}.Release|x86.ActiveCfg = Release|Win32
		{6A499869-816F-499C-B8AF-4D2439AADA36}.Release|x86.Build.0 = Release|Win32
		{16B391F6-5E63-4BDC-B896-F552270318B8}.Debug|x64.ActiveCfg = Debug|x64
		{16B391F6-5E63-4BDC-B896-F552270318B8}.Debug|x64.Build.0 = Debug|x64
		{16B391F6-5E63-4BDC-B896-F552270318B8}.Debug|x86.ActiveCfg = Debug|Win32
		{16B391F6-5E63-4BDC-B896-F552270318B8}.Debug|x86.Build.0 = Debug|Win32
		{16B391F6-5E63-4BDC-B896-F552270318B8}.Release|x64.ActiveCfg = Release|x64
		{16B391F6-5E63-4BDC-B896-F552270318B8}.Release|x64.Build.0 = Release|x64
		{16B391F6-5E63-4BDC-B896-F552270318B8}.Release|x86.ActiveCfg = Release|Win32
		{16B391F6-5E63-4BDC-B896-F552270318B8}.Release|x86.Build.0 = Release|Win32
		{015CD873-FB75-4672-980F-61544BCE2D7B}.Debug|x64.ActiveCfg = Debug|x64
		{015CD873-FB75-4672-980F-61544BCE2D7B}.Debug|x64.Build.0 = Debug|x64
		{015CD873-FB75-4672-980F-61544BCE2D7B}.Debug|x86.ActiveCfg = Debug|Win32
		{015CD873-FB75-4672-980F-61544BCE2D7B}.Debug|x86.Build.0 = Debug|Win32
		{015CD873-FB75-4672-980F-61544BCE2D7B}.Release|x64.ActiveCfg = Release|x64
		{015CD873-FB75-4672-980F-61544BCE2D7B}.Release|x64.Build.0 = Release|x64
		{015CD873-FB75-4672-980F-61544BCE2D7B}.Release|x86.ActiveCfg = Release|Win32
		{015CD873-FB75-4672-980F-61544BCE2D7B}.Release|x86.Build.0 = Release|Win32
		{06A25EF3-EBD3-43AE-BCED-77A98C3785F3}.Debug|x64.ActiveCfg = Debug|x64
		{06A25EF3-EBD3-43AE-BCED-77A98C3785F3}.Debug|x64.Build.0 = Debug|x64
		{06A25EF3-EBD3-43AE-BCED-77A98C3785F3}.Debug|x86.ActiveCfg = Debug|Win32
		{06A25EF3-EBD3-43AE-BCED-77A98C3785F3}.Debug|x86.Build.0 = Debug|Win32
		{06A25EF3-EBD3-43AE-BCED-77A98C3785F3}.Release|x64.ActiveCfg = Release|x64
		{06A25EF3-EBD3-43AE-BCED-77A98C3785F3}.Release|x64.Build.0 = Release|x64
		{06A25EF3-EBD3-43AE-BCED-77A98C3785F3}.Release|x86.ActiveCfg = Release|Win32
		{06A25EF3-EBD3-43AE-BCED-77A98C3785F3}.Release|x86.Build.0 = Release|Win32
		{2A465EE5-8CD0-4D9E-8C5D-DEC952E80996}.Debug|x64.ActiveCfg = Debug|x64
		{2A465EE5-8CD0-4D9E-8C5D-DEC952E80996}.Debug|x64.Build.0 = Debug|x64
		{2A465EE5-8CD0-4D9E-8C5D-DEC952E80996}.Debug|x86.ActiveCfg = Debug|Win32
		{2A465EE5-8CD0-4D9E-8C5D-DEC952E80996}.Debug|x86.Build.0 = Debug|Win32
		{2A465EE5-8CD0-4D9E-8C5D-DEC952E80996}.Release|x64.ActiveCfg = Release|x64
		{2A465EE5-8CD0-4D9E-8C5D-DEC952E80996}.Release|x64.Build.0 = Release|x64
		{2A465EE5-8CD0-4D9E-8C5D-DEC952E80996}.Release|x86.ActiveCfg = Release|Win32
		{2A465EE5-8CD0-4D9E-8C5D-DEC952E80996}.Release|x86.Build.0 = Release|Win32
		{983DEFD1-4B1E-41A5-8587-9859D1049400}.Debug|x64.ActiveCfg = Debug|x64
		{983DEFD1-4B1E-41A5-8587-9859D1049400}.Debug|x64.Build.0 = Debug|x64
		{983DEFD1-4B1E-41A5-8587-9859D1049400}.Debug|x86.ActiveCfg = Debug|Win32
		{983DEFD1-4B1E-41A5-8587-9859D1049400}.Debug|x86.Build.0 = Debug|Win32
		{983DEFD1-4B1E-41A5-8587-9859D1049400}.Release|x64.ActiveCfg = Release|x64
		{983DEFD1-4B1E-41A5-8587-9859D1049400}.Release|x64.Build.0 = Release|x64
		{983DEFD1-4B1E-41A5-8587-9859D1049400}.Release|x86.ActiveCfg = Release|Win32
		{983DEFD1-4B1E-41A5-8587-9859D1049400}.Release|x86.Build.0 = Release|Win32
		{20D98049-9014-4281-B126-3B6FE267054E}.Debug|x64.ActiveCfg = Debug|x64
		{20D98049-9014-4281-B126-3B6FE267054E}.Debug|x64.Build.0 = Debug|x64
		{20D98049-9014-4281-B126-3B6FE267054E}.Debug|x86.ActiveCfg = Debug|Win32
		{20D98049-9014-4281-B126-3B6FE267054E}.Debug|x86.Build.0 = Debug|Win32
		{20D98049-9014-4281-B126-3B6FE267054E}.Release|x64.ActiveCfg = Release|x64
		{20D98049-9014-4281-B126-3B6FE267054E}.Release|x64.Build.0 = Release|x64
		{20D98049-9014-4281-B126-3B6FE267054E}.Release|x86.ActiveCfg = Release|Win32
		{20D98049-9014-4281-B126-3B6FE267054E}.Release|x86.Build.0 = Release|Win32
		{B29EF19A-9930-4F4F-BDFA-36D67B72BAFA}.Debug|x64.ActiveCfg = Debug|x64
		{B29EF19A-9930-4F4F-BDFA-36D67B72BAFA}.Debug|x64.Build.0 = Debug|x64
		{B29EF19A-9930-4F4F-BDFA-36D67B72BAFA}.Debug|x86.ActiveCfg = Debug|Win32
		{B29EF19A-9930-4F4F-BDFA-36D67B72BAFA}.Debug|x86.Build.0 = Debug|Win32
		{B29EF19A-9930-4F4F-BDFA-36D67B72BAFA}.Release|x64.ActiveCfg = Release|x64
		{B29EF19A-9930-4F4F-BDFA-36D67B72BAFA}.Release|x64.Build.0 = Release|x64
		{B29EF19A-9930-4F4F-BDFA-36D67B72BAFA}.Release|x86.ActiveCfg = Release|Win32
		{B29EF19A-9930-4F4F-BDFA-36D67B72BAFA}.Release|x86.Build.0 = Release|Win32
	EndGlobalSection
	GlobalSection(SolutionProperties) = preSolution
		HideSolutionNode = FALSE
	EndGlobalSection
EndGlobal
