
Microsoft Visual Studio Solution File, Format Version 12.00
# Visual Studio 14
VisualStudioVersion = 14.0.25420.1
MinimumVisualStudioVersion = 10.0.40219.1
Project("{8BC9CEB8-8B4A-11D0-8D11-00A0C91BC942}") = "ffmpeg-nuget", "ffmpeg-nuget.vcxproj", "{5DD9F89C-AF26-410E-A58F-1631999818BF}"
	ProjectSection(ProjectDependencies) = postProject
		{8FA95A04-B9F1-4CF8-9B76-2D454A7FA4B9} = {8FA95A04-B9F1-4CF8-9B76-2D454A7FA4B9}
		{1DAF9B3B-8AA2-41B9-9B4E-28A372AE0D7F} = {1DAF9B3B-8AA2-41B9-9B4E-28A372AE0D7F}
		{9DFAB73B-D545-4E62-B589-3C7493E6FC16} = {9DFAB73B-D545-4E62-B589-3C7493E6FC16}
		{10FC0A71-99DA-45EA-87A3-9B0B298F7BE3} = {10FC0A71-99DA-45EA-87A3-9B0B298F7BE3}
		{B6FFD78B-497A-4D62-BDE3-29EAB0E557F8} = {B6FFD78B-497A-4D62-BDE3-29EAB0E557F8}
		{717A55A1-7013-46D5-92DA-7E528E51BF20} = {717A55A1-7013-46D5-92DA-7E528E51BF20}
		{2E0A4AB5-0DC4-400F-8F87-BDA3987B2E90} = {2E0A4AB5-0DC4-400F-8F87-BDA3987B2E90}
		{11D625F0-82C4-4E74-ABD7-D611ADB995FA} = {11D625F0-82C4-4E74-ABD7-D611ADB995FA}
	EndProjectSection
EndProject
Project("{8BC9CEB8-8B4A-11D0-8D11-00A0C91BC942}") = "avio_dir_cmd", "avio_dir_cmd\avio_dir_cmd.vcxproj", "{9DFAB73B-D545-4E62-B589-3C7493E6FC16}"
EndProject
Project("{8BC9CEB8-8B4A-11D0-8D11-00A0C91BC942}") = "avio_reading", "avio_reading\avio_reading.vcxproj", "{10FC0A71-99DA-45EA-87A3-9B0B298F7BE3}"
EndProject
Project("{8BC9CEB8-8B4A-11D0-8D11-00A0C91BC942}") = "decoding_encoding", "decoding_encoding\decoding_encoding.vcxproj", "{2E0A4AB5-0DC4-400F-8F87-BDA3987B2E90}"
EndProject
Project("{8BC9CEB8-8B4A-11D0-8D11-00A0C91BC942}") = "demuxing_decoding", "demuxing_decoding\demuxing_decoding.vcxproj", "{8FA95A04-B9F1-4CF8-9B76-2D454A7FA4B9}"
EndProject
Project("{8BC9CEB8-8B4A-11D0-8D11-00A0C91BC942}") = "extract_mvs", "extract_mvs\extract_mvs.vcxproj", "{717A55A1-7013-46D5-92DA-7E528E51BF20}"
EndProject
Project("{8BC9CEB8-8B4A-11D0-8D11-00A0C91BC942}") = "filter_audio", "filter_audio\filter_audio.vcxproj", "{1DAF9B3B-8AA2-41B9-9B4E-28A372AE0D7F}"
EndProject
Project("{8BC9CEB8-8B4A-11D0-8D11-00A0C91BC942}") = "filtering_audio", "filtering_audio\filtering_audio.vcxproj", "{11D625F0-82C4-4E74-ABD7-D611ADB995FA}"
EndProject
Project("{8BC9CEB8-8B4A-11D0-8D11-00A0C91BC942}") = "filtering_video", "filtering_video\filtering_video.vcxproj", "{B6FFD78B-497A-4D62-BDE3-29EAB0E557F8}"
EndProject
Global
	GlobalSection(SolutionConfigurationPlatforms) = preSolution
		Debug|x64 = Debug|x64
		Debug|x86 = Debug|x86
		Release|x64 = Release|x64
		Release|x86 = Release|x86
	EndGlobalSection
	GlobalSection(ProjectConfigurationPlatforms) = postSolution
		{5DD9F89C-AF26-410E-A58F-1631999818BF}.Debug|x64.ActiveCfg = Debug|x64
		{5DD9F89C-AF26-410E-A58F-1631999818BF}.Debug|x64.Build.0 = Debug|x64
		{5DD9F89C-AF26-410E-A58F-1631999818BF}.Debug|x86.ActiveCfg = Debug|Win32
		{5DD9F89C-AF26-410E-A58F-1631999818BF}.Debug|x86.Build.0 = Debug|Win32
		{5DD9F89C-AF26-410E-A58F-1631999818BF}.Release|x64.ActiveCfg = Release|x64
		{5DD9F89C-AF26-410E-A58F-1631999818BF}.Release|x64.Build.0 = Release|x64
		{5DD9F89C-AF26-410E-A58F-1631999818BF}.Release|x86.ActiveCfg = Release|Win32
		{5DD9F89C-AF26-410E-A58F-1631999818BF}.Release|x86.Build.0 = Release|Win32
		{9DFAB73B-D545-4E62-B589-3C7493E6FC16}.Debug|x64.ActiveCfg = Debug|x64
		{9DFAB73B-D545-4E62-B589-3C7493E6FC16}.Debug|x64.Build.0 = Debug|x64
		{9DFAB73B-D545-4E62-B589-3C7493E6FC16}.Debug|x86.ActiveCfg = Debug|Win32
		{9DFAB73B-D545-4E62-B589-3C7493E6FC16}.Debug|x86.Build.0 = Debug|Win32
		{9DFAB73B-D545-4E62-B589-3C7493E6FC16}.Release|x64.ActiveCfg = Release|x64
		{9DFAB73B-D545-4E62-B589-3C7493E6FC16}.Release|x64.Build.0 = Release|x64
		{9DFAB73B-D545-4E62-B589-3C7493E6FC16}.Release|x86.ActiveCfg = Release|Win32
		{9DFAB73B-D545-4E62-B589-3C7493E6FC16}.Release|x86.Build.0 = Release|Win32
		{10FC0A71-99DA-45EA-87A3-9B0B298F7BE3}.Debug|x64.ActiveCfg = Debug|x64
		{10FC0A71-99DA-45EA-87A3-9B0B298F7BE3}.Debug|x64.Build.0 = Debug|x64
		{10FC0A71-99DA-45EA-87A3-9B0B298F7BE3}.Debug|x86.ActiveCfg = Debug|Win32
		{10FC0A71-99DA-45EA-87A3-9B0B298F7BE3}.Debug|x86.Build.0 = Debug|Win32
		{10FC0A71-99DA-45EA-87A3-9B0B298F7BE3}.Release|x64.ActiveCfg = Release|x64
		{10FC0A71-99DA-45EA-87A3-9B0B298F7BE3}.Release|x64.Build.0 = Release|x64
		{10FC0A71-99DA-45EA-87A3-9B0B298F7BE3}.Release|x86.ActiveCfg = Release|Win32
		{10FC0A71-99DA-45EA-87A3-9B0B298F7BE3}.Release|x86.Build.0 = Release|Win32
		{2E0A4AB5-0DC4-400F-8F87-BDA3987B2E90}.Debug|x64.ActiveCfg = Debug|x64
		{2E0A4AB5-0DC4-400F-8F87-BDA3987B2E90}.Debug|x64.Build.0 = Debug|x64
		{2E0A4AB5-0DC4-400F-8F87-BDA3987B2E90}.Debug|x86.ActiveCfg = Debug|Win32
		{2E0A4AB5-0DC4-400F-8F87-BDA3987B2E90}.Debug|x86.Build.0 = Debug|Win32
		{2E0A4AB5-0DC4-400F-8F87-BDA3987B2E90}.Release|x64.ActiveCfg = Release|x64
		{2E0A4AB5-0DC4-400F-8F87-BDA3987B2E90}.Release|x64.Build.0 = Release|x64
		{2E0A4AB5-0DC4-400F-8F87-BDA3987B2E90}.Release|x86.ActiveCfg = Release|Win32
		{2E0A4AB5-0DC4-400F-8F87-BDA3987B2E90}.Release|x86.Build.0 = Release|Win32
		{8FA95A04-B9F1-4CF8-9B76-2D454A7FA4B9}.Debug|x64.ActiveCfg = Debug|x64
		{8FA95A04-B9F1-4CF8-9B76-2D454A7FA4B9}.Debug|x64.Build.0 = Debug|x64
		{8FA95A04-B9F1-4CF8-9B76-2D454A7FA4B9}.Debug|x86.ActiveCfg = Debug|Win32
		{8FA95A04-B9F1-4CF8-9B76-2D454A7FA4B9}.Debug|x86.Build.0 = Debug|Win32
		{8FA95A04-B9F1-4CF8-9B76-2D454A7FA4B9}.Release|x64.ActiveCfg = Release|x64
		{8FA95A04-B9F1-4CF8-9B76-2D454A7FA4B9}.Release|x64.Build.0 = Release|x64
		{8FA95A04-B9F1-4CF8-9B76-2D454A7FA4B9}.Release|x86.ActiveCfg = Release|Win32
		{8FA95A04-B9F1-4CF8-9B76-2D454A7FA4B9}.Release|x86.Build.0 = Release|Win32
		{717A55A1-7013-46D5-92DA-7E528E51BF20}.Debug|x64.ActiveCfg = Debug|x64
		{717A55A1-7013-46D5-92DA-7E528E51BF20}.Debug|x64.Build.0 = Debug|x64
		{717A55A1-7013-46D5-92DA-7E528E51BF20}.Debug|x86.ActiveCfg = Debug|Win32
		{717A55A1-7013-46D5-92DA-7E528E51BF20}.Debug|x86.Build.0 = Debug|Win32
		{717A55A1-7013-46D5-92DA-7E528E51BF20}.Release|x64.ActiveCfg = Release|x64
		{717A55A1-7013-46D5-92DA-7E528E51BF20}.Release|x64.Build.0 = Release|x64
		{717A55A1-7013-46D5-92DA-7E528E51BF20}.Release|x86.ActiveCfg = Release|Win32
		{717A55A1-7013-46D5-92DA-7E528E51BF20}.Release|x86.Build.0 = Release|Win32
		{1DAF9B3B-8AA2-41B9-9B4E-28A372AE0D7F}.Debug|x64.ActiveCfg = Debug|x64
		{1DAF9B3B-8AA2-41B9-9B4E-28A372AE0D7F}.Debug|x64.Build.0 = Debug|x64
		{1DAF9B3B-8AA2-41B9-9B4E-28A372AE0D7F}.Debug|x86.ActiveCfg = Debug|Win32
		{1DAF9B3B-8AA2-41B9-9B4E-28A372AE0D7F}.Debug|x86.Build.0 = Debug|Win32
		{1DAF9B3B-8AA2-41B9-9B4E-28A372AE0D7F}.Release|x64.ActiveCfg = Release|x64
		{1DAF9B3B-8AA2-41B9-9B4E-28A372AE0D7F}.Release|x64.Build.0 = Release|x64
		{1DAF9B3B-8AA2-41B9-9B4E-28A372AE0D7F}.Release|x86.ActiveCfg = Release|Win32
		{1DAF9B3B-8AA2-41B9-9B4E-28A372AE0D7F}.Release|x86.Build.0 = Release|Win32
		{11D625F0-82C4-4E74-ABD7-D611ADB995FA}.Debug|x64.ActiveCfg = Debug|x64
		{11D625F0-82C4-4E74-ABD7-D611ADB995FA}.Debug|x64.Build.0 = Debug|x64
		{11D625F0-82C4-4E74-ABD7-D611ADB995FA}.Debug|x86.ActiveCfg = Debug|Win32
		{11D625F0-82C4-4E74-ABD7-D611ADB995FA}.Debug|x86.Build.0 = Debug|Win32
		{11D625F0-82C4-4E74-ABD7-D611ADB995FA}.Release|x64.ActiveCfg = Release|x64
		{11D625F0-82C4-4E74-ABD7-D611ADB995FA}.Release|x64.Build.0 = Release|x64
		{11D625F0-82C4-4E74-ABD7-D611ADB995FA}.Release|x86.ActiveCfg = Release|Win32
		{11D625F0-82C4-4E74-ABD7-D611ADB995FA}.Release|x86.Build.0 = Release|Win32
		{B6FFD78B-497A-4D62-BDE3-29EAB0E557F8}.Debug|x64.ActiveCfg = Debug|x64
		{B6FFD78B-497A-4D62-BDE3-29EAB0E557F8}.Debug|x64.Build.0 = Debug|x64
		{B6FFD78B-497A-4D62-BDE3-29EAB0E557F8}.Debug|x86.ActiveCfg = Debug|Win32
		{B6FFD78B-497A-4D62-BDE3-29EAB0E557F8}.Debug|x86.Build.0 = Debug|Win32
		{B6FFD78B-497A-4D62-BDE3-29EAB0E557F8}.Release|x64.ActiveCfg = Release|x64
		{B6FFD78B-497A-4D62-BDE3-29EAB0E557F8}.Release|x64.Build.0 = Release|x64
		{B6FFD78B-497A-4D62-BDE3-29EAB0E557F8}.Release|x86.ActiveCfg = Release|Win32
		{B6FFD78B-497A-4D62-BDE3-29EAB0E557F8}.Release|x86.Build.0 = Release|Win32
	EndGlobalSection
	GlobalSection(SolutionProperties) = preSolution
		HideSolutionNode = FALSE
	EndGlobalSection
EndGlobal
